{
  "name": "dandan",
  "version": "1.0.0",
  "lockfileVersion": 1,
  "requires": true,
  "dependencies": {
    "three": {
      "version": "0.113.2",
      "resolved": "https://registry.npm.taobao.org/three/download/three-0.113.2.tgz?cache=0&sync_timestamp=1580433924132&other_urls=https%3A%2F%2Fregistry.npm.taobao.org%2Fthree%2Fdownload%2Fthree-0.113.2.tgz",
      "integrity": "sha1-BHkdSR/kNZMw+dvnt2fbGL+zXWc="
    }
  }
}
